<?xml version="1.0" encoding="utf-8"?>
<Project ToolsVersion="4.0" xmlns="http://schemas.microsoft.com/developer/msbuild/2003">
  <ItemGroup>
    <ClCompile Include="fasta_extracting.cpp" />
    <ClCompile Include="create_index.cpp" />
    <ClCompile Include="main.cpp" />
    <ClCompile Include="tabulate_nucleotides.cpp" />
  </ItemGroup>
  <ItemGroup>
    <ClInclude Include="index.h" />
    <ClInclude Include="extract.h" />
    <ClInclude Include="tabulate_nucleotides.h" />
  </ItemGroup>
</Project>